
Microsoft Visual Studio Solution File, Format Version 12.00
# Visual Studio 15
VisualStudioVersion = 15.0.28010.2046
MinimumVisualStudioVersion = 10.0.40219.1
Project("{888888A0-9F3D-457C-B088-3A5042F75D52}") = "Lab3A", "Lab3A\Lab3A.pyproj", "{F2EEC461-6C27-4154-BB8B-3E155F21A88B}"
EndProject
Global
	GlobalSection(SolutionConfigurationPlatforms) = preSolution
		Debug|Any CPU = Debug|Any CPU
		Release|Any CPU = Release|Any CPU
	EndGlobalSection
	GlobalSection(ProjectConfigurationPlatforms) = postSolution
		{F2EEC461-6C27-4154-BB8B-3E155F21A88B}.Debug|Any CPU.ActiveCfg = Debug|Any CPU
		{F2EEC461-6C27-4154-BB8B-3E155F21A88B}.Release|Any CPU.ActiveCfg = Release|Any CPU
	EndGlobalSection
	GlobalSection(SolutionProperties) = preSolution
		HideSolutionNode = FALSE
	EndGlobalSection
	GlobalSection(ExtensibilityGlobals) = postSolution
		SolutionGuid = {75D9B8DE-1D6F-4520-B83C-AA5E658E64B5}
	EndGlobalSection
EndGlobal
